
Microsoft Visual Studio Solution File, Format Version 12.00
# Visual Studio Version 16
VisualStudioVersion = 16.0.31205.134
MinimumVisualStudioVersion = 10.0.40219.1
Project("{9A19103F-16F7-4668-BE54-9A1E7A4F7556}") = "SysAPI", "SysAPI\SysAPI.csproj", "{179EB2A9-EB8B-401A-87FC-E6433950CC64}"
EndProject
Project("{FAE04EC0-301F-11D3-BF4B-00C04F79EFBC}") = "LoginDemo", "LoginDemo\LoginDemo.csproj", "{F8E250BF-ED3A-4F4D-8B78-DEB9F27A0B3A}"
EndProject
Global
	GlobalSection(SolutionConfigurationPlatforms) = preSolution
		Debug|Any CPU = Debug|Any CPU
		Release|Any CPU = Release|Any CPU
	EndGlobalSection
	GlobalSection(ProjectConfigurationPlatforms) = postSolution
		{179EB2A9-EB8B-401A-87FC-E6433950CC64}.Debug|Any CPU.ActiveCfg = Debug|Any CPU
		{179EB2A9-EB8B-401A-87FC-E6433950CC64}.Debug|Any CPU.Build.0 = Debug|Any CPU
		{179EB2A9-EB8B-401A-87FC-E6433950CC64}.Release|Any CPU.ActiveCfg = Release|Any CPU
		{179EB2A9-EB8B-401A-87FC-E6433950CC64}.Release|Any CPU.Build.0 = Release|Any CPU
		{F8E250BF-ED3A-4F4D-8B78-DEB9F27A0B3A}.Debug|Any CPU.ActiveCfg = Debug|Any CPU
		{F8E250BF-ED3A-4F4D-8B78-DEB9F27A0B3A}.Debug|Any CPU.Build.0 = Debug|Any CPU
		{F8E250BF-ED3A-4F4D-8B78-DEB9F27A0B3A}.Release|Any CPU.ActiveCfg = Release|Any CPU
		{F8E250BF-ED3A-4F4D-8B78-DEB9F27A0B3A}.Release|Any CPU.Build.0 = Release|Any CPU
	EndGlobalSection
	GlobalSection(SolutionProperties) = preSolution
		HideSolutionNode = FALSE
	EndGlobalSection
	GlobalSection(ExtensibilityGlobals) = postSolution
		SolutionGuid = {99E80C88-731B-4E1E-9AC7-40E5883DB08E}
	EndGlobalSection
EndGlobal
